
Microsoft Visual Studio Solution File, Format Version 12.00
# Visual Studio Version 17
VisualStudioVersion = 17.0.32014.148
MinimumVisualStudioVersion = 10.0.40219.1
Project("{FAE04EC0-301F-11D3-BF4B-00C04F79EFBC}") = "DoctorSystem", "DoctorSystem.csproj", "{696D475D-525D-4245-BB87-2996A49353F3}"
EndProject
Global
	GlobalSection(SolutionConfigurationPlatforms) = preSolution
		Debug|Any CPU = Debug|Any CPU
		Release|Any CPU = Release|Any CPU
	EndGlobalSection
	GlobalSection(ProjectConfigurationPlatforms) = postSolution
		{696D475D-525D-4245-BB87-2996A49353F3}.Debug|Any CPU.ActiveCfg = Debug|Any CPU
		{696D475D-525D-4245-BB87-2996A49353F3}.Debug|Any CPU.Build.0 = Debug|Any CPU
		{696D475D-525D-4245-BB87-2996A49353F3}.Release|Any CPU.ActiveCfg = Release|Any CPU
		{696D475D-525D-4245-BB87-2996A49353F3}.Release|Any CPU.Build.0 = Release|Any CPU
	EndGlobalSection
	GlobalSection(SolutionProperties) = preSolution
		HideSolutionNode = FALSE
	EndGlobalSection
	GlobalSection(ExtensibilityGlobals) = postSolution
		SolutionGuid = {663C5504-CD6D-4ACB-A0F2-C36D1E100D43}
	EndGlobalSection
EndGlobal
